
Microsoft Visual Studio Solution File, Format Version 12.00
Project("{2150E333-8FDC-42A3-9474-1A3956D46DE8}") = "Services", "Services", "{F9C870E9-223C-4AD0-8CE9-AAB82ADA5BA4}"
EndProject
Project("{2150E333-8FDC-42A3-9474-1A3956D46DE8}") = "Catalog", "Catalog", "{5ADA53BB-8AFD-49C8-AC24-E9C06969D4EC}"
EndProject
Project("{FAE04EC0-301F-11D3-BF4B-00C04F79EFBC}") = "Catalog.API", "Services\Catalog\Catalog.API\Catalog.API.csproj", "{57F17194-A4FA-4D27-88D9-E01B7D237591}"
EndProject
Project("{2150E333-8FDC-42A3-9474-1A3956D46DE8}") = "BuildingBlocks", "BuildingBlocks", "{1730EA5D-7905-4773-85A7-5C5B64D594D9}"
EndProject
Project("{FAE04EC0-301F-11D3-BF4B-00C04F79EFBC}") = "BuildingBlocks", "BuildingBlocks\BuildingBlocks\BuildingBlocks.csproj", "{D05A0FD1-9DA4-4D85-8CA7-1FD6BA1DAA8D}"
EndProject
Project("{2150E333-8FDC-42A3-9474-1A3956D46DE8}") = "Solution Items", "Solution Items", "{171C8A99-10C4-4E76-BC6B-7BF92E0875DC}"
EndProject
Project("{2150E333-8FDC-42A3-9474-1A3956D46DE8}") = "Basket", "Basket", "{8FAFD176-0778-4B5E-A213-3879434FF5D8}"
EndProject
Project("{FAE04EC0-301F-11D3-BF4B-00C04F79EFBC}") = "Basket.API", "Services\Basket\Basket.API\Basket.API.csproj", "{5E5F6CF9-113E-46A9-9006-F9302CE36B6D}"
EndProject
Project("{2150E333-8FDC-42A3-9474-1A3956D46DE8}") = "Discount", "Discount", "{6F36A451-57BF-41A1-ACFC-A8F73980BC31}"
EndProject
Project("{FAE04EC0-301F-11D3-BF4B-00C04F79EFBC}") = "Discount.Grpc", "Services\Discount\Discount.Grpc\Discount.Grpc.csproj", "{886170E3-FE7D-4D79-ADC7-C28C17316335}"
EndProject
Global
	GlobalSection(SolutionConfigurationPlatforms) = preSolution
		Debug|Any CPU = Debug|Any CPU
		Release|Any CPU = Release|Any CPU
	EndGlobalSection
	GlobalSection(NestedProjects) = preSolution
		{5ADA53BB-8AFD-49C8-AC24-E9C06969D4EC} = {F9C870E9-223C-4AD0-8CE9-AAB82ADA5BA4}
		{57F17194-A4FA-4D27-88D9-E01B7D237591} = {5ADA53BB-8AFD-49C8-AC24-E9C06969D4EC}
		{D05A0FD1-9DA4-4D85-8CA7-1FD6BA1DAA8D} = {1730EA5D-7905-4773-85A7-5C5B64D594D9}
		{8FAFD176-0778-4B5E-A213-3879434FF5D8} = {F9C870E9-223C-4AD0-8CE9-AAB82ADA5BA4}
		{5E5F6CF9-113E-46A9-9006-F9302CE36B6D} = {8FAFD176-0778-4B5E-A213-3879434FF5D8}
		{6F36A451-57BF-41A1-ACFC-A8F73980BC31} = {F9C870E9-223C-4AD0-8CE9-AAB82ADA5BA4}
		{886170E3-FE7D-4D79-ADC7-C28C17316335} = {6F36A451-57BF-41A1-ACFC-A8F73980BC31}
	EndGlobalSection
	GlobalSection(ProjectConfigurationPlatforms) = postSolution
		{57F17194-A4FA-4D27-88D9-E01B7D237591}.Debug|Any CPU.ActiveCfg = Debug|Any CPU
		{57F17194-A4FA-4D27-88D9-E01B7D237591}.Debug|Any CPU.Build.0 = Debug|Any CPU
		{57F17194-A4FA-4D27-88D9-E01B7D237591}.Release|Any CPU.ActiveCfg = Release|Any CPU
		{57F17194-A4FA-4D27-88D9-E01B7D237591}.Release|Any CPU.Build.0 = Release|Any CPU
		{D05A0FD1-9DA4-4D85-8CA7-1FD6BA1DAA8D}.Debug|Any CPU.ActiveCfg = Debug|Any CPU
		{D05A0FD1-9DA4-4D85-8CA7-1FD6BA1DAA8D}.Debug|Any CPU.Build.0 = Debug|Any CPU
		{D05A0FD1-9DA4-4D85-8CA7-1FD6BA1DAA8D}.Release|Any CPU.ActiveCfg = Release|Any CPU
		{D05A0FD1-9DA4-4D85-8CA7-1FD6BA1DAA8D}.Release|Any CPU.Build.0 = Release|Any CPU
		{5E5F6CF9-113E-46A9-9006-F9302CE36B6D}.Debug|Any CPU.ActiveCfg = Debug|Any CPU
		{5E5F6CF9-113E-46A9-9006-F9302CE36B6D}.Debug|Any CPU.Build.0 = Debug|Any CPU
		{5E5F6CF9-113E-46A9-9006-F9302CE36B6D}.Release|Any CPU.ActiveCfg = Release|Any CPU
		{5E5F6CF9-113E-46A9-9006-F9302CE36B6D}.Release|Any CPU.Build.0 = Release|Any CPU
		{886170E3-FE7D-4D79-ADC7-C28C17316335}.Debug|Any CPU.ActiveCfg = Debug|Any CPU
		{886170E3-FE7D-4D79-ADC7-C28C17316335}.Debug|Any CPU.Build.0 = Debug|Any CPU
		{886170E3-FE7D-4D79-ADC7-C28C17316335}.Release|Any CPU.ActiveCfg = Release|Any CPU
		{886170E3-FE7D-4D79-ADC7-C28C17316335}.Release|Any CPU.Build.0 = Release|Any CPU
	EndGlobalSection
EndGlobal
